
Microsoft Visual Studio Solution File, Format Version 12.00
# Visual Studio Version 16
VisualStudioVersion = 16.0.32901.82
MinimumVisualStudioVersion = 10.0.40219.1
Project("{FAE04EC0-301F-11D3-BF4B-00C04F79EFBC}") = "RE1.0", "RE1.0\RE1.0.csproj", "{6C8FE8BE-C714-4436-BDAB-81F58FFBF0F1}"
EndProject
Global
	GlobalSection(SolutionConfigurationPlatforms) = preSolution
		Debug|Any CPU = Debug|Any CPU
		Release|Any CPU = Release|Any CPU
	EndGlobalSection
	GlobalSection(ProjectConfigurationPlatforms) = postSolution
		{6C8FE8BE-C714-4436-BDAB-81F58FFBF0F1}.Debug|Any CPU.ActiveCfg = Debug|Any CPU
		{6C8FE8BE-C714-4436-BDAB-81F58FFBF0F1}.Debug|Any CPU.Build.0 = Debug|Any CPU
		{6C8FE8BE-C714-4436-BDAB-81F58FFBF0F1}.Release|Any CPU.ActiveCfg = Release|Any CPU
		{6C8FE8BE-C714-4436-BDAB-81F58FFBF0F1}.Release|Any CPU.Build.0 = Release|Any CPU
	EndGlobalSection
	GlobalSection(SolutionProperties) = preSolution
		HideSolutionNode = FALSE
	EndGlobalSection
	GlobalSection(ExtensibilityGlobals) = postSolution
		SolutionGuid = {86D82BEF-102F-4668-9625-8497F7DA5BB2}
	EndGlobalSection
EndGlobal
